// !$*UTF8*$!
{
	archiveVersion = 1;
	classes = {
	};
	objectVersion = 56;
	objects = {

/* Begin PBXBuildFile section */
		C21025412BC0B8D000BB0614 /* LoginViewModel.swift in Sources */ = {isa = PBXBuildFile; fileRef = C21025302BC0B8D000BB0614 /* LoginViewModel.swift */; };
		C21025462BC0B8D000BB0614 /* ForgotPassword.swift in Sources */ = {isa = PBXBuildFile; fileRef = C21025372BC0B8D000BB0614 /* ForgotPassword.swift */; };
		C21025472BC0B8D000BB0614 /* CustomTF.swift in Sources */ = {isa = PBXBuildFile; fileRef = C21025382BC0B8D000BB0614 /* CustomTF.swift */; };
		C21025482BC0B8D000BB0614 /* Login.swift in Sources */ = {isa = PBXBuildFile; fileRef = C21025392BC0B8D000BB0614 /* Login.swift */; };
		C21025492BC0B8D000BB0614 /* Home.swift in Sources */ = {isa = PBXBuildFile; fileRef = C210253A2BC0B8D000BB0614 /* Home.swift */; };
		C210254A2BC0B8D000BB0614 /* SignUp.swift in Sources */ = {isa = PBXBuildFile; fileRef = C210253B2BC0B8D000BB0614 /* SignUp.swift */; };
		C210254B2BC0B8D000BB0614 /* GradientButton.swift in Sources */ = {isa = PBXBuildFile; fileRef = C210253C2BC0B8D000BB0614 /* GradientButton.swift */; };
		C210254C2BC0B8D000BB0614 /* LogINVIEWCONTENT.swift in Sources */ = {isa = PBXBuildFile; fileRef = C210253D2BC0B8D000BB0614 /* LogINVIEWCONTENT.swift */; };
		C210254D2BC0B8D000BB0614 /* View+Extensions.swift in Sources */ = {isa = PBXBuildFile; fileRef = C210253F2BC0B8D000BB0614 /* View+Extensions.swift */; };
		C210255D2BC0C15700BB0614 /* FirebaseAnalytics in Frameworks */ = {isa = PBXBuildFile; productRef = C210255C2BC0C15700BB0614 /* FirebaseAnalytics */; };
		C210255F2BC0C15700BB0614 /* FirebaseAnalyticsOnDeviceConversion in Frameworks */ = {isa = PBXBuildFile; productRef = C210255E2BC0C15700BB0614 /* FirebaseAnalyticsOnDeviceConversion */; };
		C21025612BC0C15700BB0614 /* FirebaseAnalyticsSwift in Frameworks */ = {isa = PBXBuildFile; productRef = C21025602BC0C15700BB0614 /* FirebaseAnalyticsSwift */; };
		C21025632BC0C15700BB0614 /* FirebaseAnalyticsWithoutAdIdSupport in Frameworks */ = {isa = PBXBuildFile; productRef = C21025622BC0C15700BB0614 /* FirebaseAnalyticsWithoutAdIdSupport */; };
		C21025652BC0C15700BB0614 /* FirebaseAppCheck in Frameworks */ = {isa = PBXBuildFile; productRef = C21025642BC0C15700BB0614 /* FirebaseAppCheck */; };
		C21025672BC0C15700BB0614 /* FirebaseAppDistribution-Beta in Frameworks */ = {isa = PBXBuildFile; productRef = C21025662BC0C15700BB0614 /* FirebaseAppDistribution-Beta */; };
		C21025692BC0C15700BB0614 /* FirebaseAuth in Frameworks */ = {isa = PBXBuildFile; productRef = C21025682BC0C15700BB0614 /* FirebaseAuth */; };
		C210256B2BC0C15700BB0614 /* FirebaseAuthCombine-Community in Frameworks */ = {isa = PBXBuildFile; productRef = C210256A2BC0C15700BB0614 /* FirebaseAuthCombine-Community */; };
		C210256D2BC0C15700BB0614 /* FirebaseCrashlytics in Frameworks */ = {isa = PBXBuildFile; productRef = C210256C2BC0C15700BB0614 /* FirebaseCrashlytics */; };
		C210256F2BC0C15700BB0614 /* FirebaseDatabase in Frameworks */ = {isa = PBXBuildFile; productRef = C210256E2BC0C15700BB0614 /* FirebaseDatabase */; };
		C21025712BC0C15700BB0614 /* FirebaseDatabaseSwift in Frameworks */ = {isa = PBXBuildFile; productRef = C21025702BC0C15700BB0614 /* FirebaseDatabaseSwift */; };
		C21025732BC0C15700BB0614 /* FirebaseDynamicLinks in Frameworks */ = {isa = PBXBuildFile; productRef = C21025722BC0C15700BB0614 /* FirebaseDynamicLinks */; };
		C21025752BC0C15700BB0614 /* FirebaseFirestore in Frameworks */ = {isa = PBXBuildFile; productRef = C21025742BC0C15700BB0614 /* FirebaseFirestore */; };
		C21025772BC0C15700BB0614 /* FirebaseFirestoreCombine-Community in Frameworks */ = {isa = PBXBuildFile; productRef = C21025762BC0C15700BB0614 /* FirebaseFirestoreCombine-Community */; };
		C21025792BC0C15700BB0614 /* FirebaseFirestoreSwift in Frameworks */ = {isa = PBXBuildFile; productRef = C21025782BC0C15700BB0614 /* FirebaseFirestoreSwift */; };
		C210257B2BC0C15700BB0614 /* FirebaseFunctions in Frameworks */ = {isa = PBXBuildFile; productRef = C210257A2BC0C15700BB0614 /* FirebaseFunctions */; };
		C210257D2BC0C83600BB0614 /* earth.usdz in Resources */ = {isa = PBXBuildFile; fileRef = C210257C2BC0C83600BB0614 /* earth.usdz */; };
		C21025822BC0E92100BB0614 /* Neumorphic in Frameworks */ = {isa = PBXBuildFile; productRef = C21025812BC0E92100BB0614 /* Neumorphic */; };
		C21025862BC0ECD400BB0614 /* GoogleService-Info.plist in Resources */ = {isa = PBXBuildFile; fileRef = C21025852BC0ECD300BB0614 /* GoogleService-Info.plist */; };
		C28A3B962BBF18EE000093A9 /* EcoImpactApp.swift in Sources */ = {isa = PBXBuildFile; fileRef = C28A3B952BBF18EE000093A9 /* EcoImpactApp.swift */; };
		C28A3B982BBF18EE000093A9 /* ContentView.swift in Sources */ = {isa = PBXBuildFile; fileRef = C28A3B972BBF18EE000093A9 /* ContentView.swift */; };
		C28A3B9A2BBF18F1000093A9 /* Assets.xcassets in Resources */ = {isa = PBXBuildFile; fileRef = C28A3B992BBF18F1000093A9 /* Assets.xcassets */; };
		C28A3B9D2BBF18F1000093A9 /* Preview Assets.xcassets in Resources */ = {isa = PBXBuildFile; fileRef = C28A3B9C2BBF18F1000093A9 /* Preview Assets.xcassets */; };
/* End PBXBuildFile section */

/* Begin PBXFileReference section */
		C21025302BC0B8D000BB0614 /* LoginViewModel.swift */ = {isa = PBXFileReference; fileEncoding = 4; lastKnownFileType = sourcecode.swift; path = LoginViewModel.swift; sourceTree = "<group>"; };
		C21025372BC0B8D000BB0614 /* ForgotPassword.swift */ = {isa = PBXFileReference; fileEncoding = 4; lastKnownFileType = sourcecode.swift; path = ForgotPassword.swift; sourceTree = "<group>"; };
		C21025382BC0B8D000BB0614 /* CustomTF.swift */ = {isa = PBXFileReference; fileEncoding = 4; lastKnownFileType = sourcecode.swift; path = CustomTF.swift; sourceTree = "<group>"; };
		C21025392BC0B8D000BB0614 /* Login.swift */ = {isa = PBXFileReference; fileEncoding = 4; lastKnownFileType = sourcecode.swift; path = Login.swift; sourceTree = "<group>"; };
		C210253A2BC0B8D000BB0614 /* Home.swift */ = {isa = PBXFileReference; fileEncoding = 4; lastKnownFileType = sourcecode.swift; path = Home.swift; sourceTree = "<group>"; };
		C210253B2BC0B8D000BB0614 /* SignUp.swift */ = {isa = PBXFileReference; fileEncoding = 4; lastKnownFileType = sourcecode.swift; path = SignUp.swift; sourceTree = "<group>"; };
		C210253C2BC0B8D000BB0614 /* GradientButton.swift */ = {isa = PBXFileReference; fileEncoding = 4; lastKnownFileType = sourcecode.swift; path = GradientButton.swift; sourceTree = "<group>"; };
		C210253D2BC0B8D000BB0614 /* LogINVIEWCONTENT.swift */ = {isa = PBXFileReference; fileEncoding = 4; lastKnownFileType = sourcecode.swift; path = LogINVIEWCONTENT.swift; sourceTree = "<group>"; };
		C210253F2BC0B8D000BB0614 /* View+Extensions.swift */ = {isa = PBXFileReference; fileEncoding = 4; lastKnownFileType = sourcecode.swift; path = "View+Extensions.swift"; sourceTree = "<group>"; };
		C210257C2BC0C83600BB0614 /* earth.usdz */ = {isa = PBXFileReference; lastKnownFileType = file.usdz; path = earth.usdz; sourceTree = "<group>"; };
		C21025852BC0ECD300BB0614 /* GoogleService-Info.plist */ = {isa = PBXFileReference; fileEncoding = 4; lastKnownFileType = text.plist.xml; path = "GoogleService-Info.plist"; sourceTree = "<group>"; };
		C28A3B922BBF18EE000093A9 /* EcoImpact.app */ = {isa = PBXFileReference; explicitFileType = wrapper.application; includeInIndex = 0; path = EcoImpact.app; sourceTree = BUILT_PRODUCTS_DIR; };
		C28A3B952BBF18EE000093A9 /* EcoImpactApp.swift */ = {isa = PBXFileReference; lastKnownFileType = sourcecode.swift; path = EcoImpactApp.swift; sourceTree = "<group>"; };
		C28A3B972BBF18EE000093A9 /* ContentView.swift */ = {isa = PBXFileReference; lastKnownFileType = sourcecode.swift; path = ContentView.swift; sourceTree = "<group>"; };
		C28A3B992BBF18F1000093A9 /* Assets.xcassets */ = {isa = PBXFileReference; lastKnownFileType = folder.assetcatalog; path = Assets.xcassets; sourceTree = "<group>"; };
		C28A3B9C2BBF18F1000093A9 /* Preview Assets.xcassets */ = {isa = PBXFileReference; lastKnownFileType = folder.assetcatalog; path = "Preview Assets.xcassets"; sourceTree = "<group>"; };
/* End PBXFileReference section */

/* Begin PBXFrameworksBuildPhase section */
		C28A3B8F2BBF18EE000093A9 /* Frameworks */ = {
			isa = PBXFrameworksBuildPhase;
			buildActionMask = 2147483647;
			files = (
				C210256F2BC0C15700BB0614 /* FirebaseDatabase in Frameworks */,
				C21025752BC0C15700BB0614 /* FirebaseFirestore in Frameworks */,
				C21025612BC0C15700BB0614 /* FirebaseAnalyticsSwift in Frameworks */,
				C210255D2BC0C15700BB0614 /* FirebaseAnalytics in Frameworks */,
				C210255F2BC0C15700BB0614 /* FirebaseAnalyticsOnDeviceConversion in Frameworks */,
				C21025792BC0C15700BB0614 /* FirebaseFirestoreSwift in Frameworks */,
				C21025652BC0C15700BB0614 /* FirebaseAppCheck in Frameworks */,
				C21025632BC0C15700BB0614 /* FirebaseAnalyticsWithoutAdIdSupport in Frameworks */,
				C21025692BC0C15700BB0614 /* FirebaseAuth in Frameworks */,
				C210256D2BC0C15700BB0614 /* FirebaseCrashlytics in Frameworks */,
				C21025822BC0E92100BB0614 /* Neumorphic in Frameworks */,
				C21025712BC0C15700BB0614 /* FirebaseDatabaseSwift in Frameworks */,
				C210257B2BC0C15700BB0614 /* FirebaseFunctions in Frameworks */,
				C21025672BC0C15700BB0614 /* FirebaseAppDistribution-Beta in Frameworks */,
				C210256B2BC0C15700BB0614 /* FirebaseAuthCombine-Community in Frameworks */,
				C21025732BC0C15700BB0614 /* FirebaseDynamicLinks in Frameworks */,
				C21025772BC0C15700BB0614 /* FirebaseFirestoreCombine-Community in Frameworks */,
			);
			runOnlyForDeploymentPostprocessing = 0;
		};
/* End PBXFrameworksBuildPhase section */

/* Begin PBXGroup section */
		C210252E2BC0B8D000BB0614 /* LoginKit */ = {
			isa = PBXGroup;
			children = (
				C210252F2BC0B8D000BB0614 /* ViewModel */,
				C21025362BC0B8D000BB0614 /* Views */,
				C210253D2BC0B8D000BB0614 /* LogINVIEWCONTENT.swift */,
				C210253E2BC0B8D000BB0614 /* Helpers */,
			);
			path = LoginKit;
			sourceTree = "<group>";
		};
		C210252F2BC0B8D000BB0614 /* ViewModel */ = {
			isa = PBXGroup;
			children = (
				C21025302BC0B8D000BB0614 /* LoginViewModel.swift */,
			);
			path = ViewModel;
			sourceTree = "<group>";
		};
		C21025362BC0B8D000BB0614 /* Views */ = {
			isa = PBXGroup;
			children = (
				C21025372BC0B8D000BB0614 /* ForgotPassword.swift */,
				C21025382BC0B8D000BB0614 /* CustomTF.swift */,
				C21025392BC0B8D000BB0614 /* Login.swift */,
				C210253A2BC0B8D000BB0614 /* Home.swift */,
				C210253B2BC0B8D000BB0614 /* SignUp.swift */,
				C210253C2BC0B8D000BB0614 /* GradientButton.swift */,
			);
			path = Views;
			sourceTree = "<group>";
		};
		C210253E2BC0B8D000BB0614 /* Helpers */ = {
			isa = PBXGroup;
			children = (
				C210253F2BC0B8D000BB0614 /* View+Extensions.swift */,
			);
			path = Helpers;
			sourceTree = "<group>";
		};
		C28A3B892BBF18EE000093A9 = {
			isa = PBXGroup;
			children = (
				C28A3B942BBF18EE000093A9 /* EcoImpact */,
				C28A3B932BBF18EE000093A9 /* Products */,
			);
			sourceTree = "<group>";
		};
		C28A3B932BBF18EE000093A9 /* Products */ = {
			isa = PBXGroup;
			children = (
				C28A3B922BBF18EE000093A9 /* EcoImpact.app */,
			);
			name = Products;
			sourceTree = "<group>";
		};
		C28A3B942BBF18EE000093A9 /* EcoImpact */ = {
			isa = PBXGroup;
			children = (
				C21025852BC0ECD300BB0614 /* GoogleService-Info.plist */,
				C210257C2BC0C83600BB0614 /* earth.usdz */,
				C28A3B952BBF18EE000093A9 /* EcoImpactApp.swift */,
				C28A3B972BBF18EE000093A9 /* ContentView.swift */,
				C210252E2BC0B8D000BB0614 /* LoginKit */,
				C28A3B992BBF18F1000093A9 /* Assets.xcassets */,
				C28A3B9B2BBF18F1000093A9 /* Preview Content */,
			);
			path = EcoImpact;
			sourceTree = "<group>";
		};
		C28A3B9B2BBF18F1000093A9 /* Preview Content */ = {
			isa = PBXGroup;
			children = (
				C28A3B9C2BBF18F1000093A9 /* Preview Assets.xcassets */,
			);
			path = "Preview Content";
			sourceTree = "<group>";
		};
/* End PBXGroup section */

/* Begin PBXNativeTarget section */
		C28A3B912BBF18EE000093A9 /* EcoImpact */ = {
			isa = PBXNativeTarget;
			buildConfigurationList = C28A3BA02BBF18F1000093A9 /* Build configuration list for PBXNativeTarget "EcoImpact" */;
			buildPhases = (
				C28A3B8E2BBF18EE000093A9 /* Sources */,
				C28A3B8F2BBF18EE000093A9 /* Frameworks */,
				C28A3B902BBF18EE000093A9 /* Resources */,
			);
			buildRules = (
			);
			dependencies = (
			);
			name = EcoImpact;
			packageProductDependencies = (
				C210255C2BC0C15700BB0614 /* FirebaseAnalytics */,
				C210255E2BC0C15700BB0614 /* FirebaseAnalyticsOnDeviceConversion */,
				C21025602BC0C15700BB0614 /* FirebaseAnalyticsSwift */,
				C21025622BC0C15700BB0614 /* FirebaseAnalyticsWithoutAdIdSupport */,
				C21025642BC0C15700BB0614 /* FirebaseAppCheck */,
				C21025662BC0C15700BB0614 /* FirebaseAppDistribution-Beta */,
				C21025682BC0C15700BB0614 /* FirebaseAuth */,
				C210256A2BC0C15700BB0614 /* FirebaseAuthCombine-Community */,
				C210256C2BC0C15700BB0614 /* FirebaseCrashlytics */,
				C210256E2BC0C15700BB0614 /* FirebaseDatabase */,
				C21025702BC0C15700BB0614 /* FirebaseDatabaseSwift */,
				C21025722BC0C15700BB0614 /* FirebaseDynamicLinks */,
				C21025742BC0C15700BB0614 /* FirebaseFirestore */,
				C21025762BC0C15700BB0614 /* FirebaseFirestoreCombine-Community */,
				C21025782BC0C15700BB0614 /* FirebaseFirestoreSwift */,
				C210257A2BC0C15700BB0614 /* FirebaseFunctions */,
				C21025812BC0E92100BB0614 /* Neumorphic */,
			);
			productName = EcoImpact;
			productReference = C28A3B922BBF18EE000093A9 /* EcoImpact.app */;
			productType = "com.apple.product-type.application";
		};
/* End PBXNativeTarget section */

/* Begin PBXProject section */
		C28A3B8A2BBF18EE000093A9 /* Project object */ = {
			isa = PBXProject;
			attributes = {
				BuildIndependentTargetsInParallel = 1;
				LastSwiftUpdateCheck = 1520;
				LastUpgradeCheck = 1520;
				TargetAttributes = {
					C28A3B912BBF18EE000093A9 = {
						CreatedOnToolsVersion = 15.2;
					};
				};
			};
			buildConfigurationList = C28A3B8D2BBF18EE000093A9 /* Build configuration list for PBXProject "EcoImpact" */;
			compatibilityVersion = "Xcode 14.0";
			developmentRegion = en;
			hasScannedForEncodings = 0;
			knownRegions = (
				en,
				Base,
			);
			mainGroup = C28A3B892BBF18EE000093A9;
			packageReferences = (
				C210255B2BC0C15700BB0614 /* XCRemoteSwiftPackageReference "firebase-ios-sdk" */,
				C21025802BC0E92100BB0614 /* XCRemoteSwiftPackageReference "neumorphic" */,
			);
			productRefGroup = C28A3B932BBF18EE000093A9 /* Products */;
			projectDirPath = "";
			projectRoot = "";
			targets = (
				C28A3B912BBF18EE000093A9 /* EcoImpact */,
			);
		};
/* End PBXProject section */

/* Begin PBXResourcesBuildPhase section */
		C28A3B902BBF18EE000093A9 /* Resources */ = {
			isa = PBXResourcesBuildPhase;
			buildActionMask = 2147483647;
			files = (
				C28A3B9D2BBF18F1000093A9 /* Preview Assets.xcassets in Resources */,
				C210257D2BC0C83600BB0614 /* earth.usdz in Resources */,
				C21025862BC0ECD400BB0614 /* GoogleService-Info.plist in Resources */,
				C28A3B9A2BBF18F1000093A9 /* Assets.xcassets in Resources */,
			);
			runOnlyForDeploymentPostprocessing = 0;
		};
/* End PBXResourcesBuildPhase section */

/* Begin PBXSourcesBuildPhase section */
		C28A3B8E2BBF18EE000093A9 /* Sources */ = {
			isa = PBXSourcesBuildPhase;
			buildActionMask = 2147483647;
			files = (
				C21025482BC0B8D000BB0614 /* Login.swift in Sources */,
				C210254C2BC0B8D000BB0614 /* LogINVIEWCONTENT.swift in Sources */,
				C28A3B982BBF18EE000093A9 /* ContentView.swift in Sources */,
				C28A3B962BBF18EE000093A9 /* EcoImpactApp.swift in Sources */,
				C21025472BC0B8D000BB0614 /* CustomTF.swift in Sources */,
				C210254B2BC0B8D000BB0614 /* GradientButton.swift in Sources */,
				C21025412BC0B8D000BB0614 /* LoginViewModel.swift in Sources */,
				C21025492BC0B8D000BB0614 /* Home.swift in Sources */,
				C210254A2BC0B8D000BB0614 /* SignUp.swift in Sources */,
				C210254D2BC0B8D000BB0614 /* View+Extensions.swift in Sources */,
				C21025462BC0B8D000BB0614 /* ForgotPassword.swift in Sources */,
			);
			runOnlyForDeploymentPostprocessing = 0;
		};
/* End PBXSourcesBuildPhase section */

/* Begin XCBuildConfiguration section */
		C28A3B9E2BBF18F1000093A9 /* Debug */ = {
			isa = XCBuildConfiguration;
			buildSettings = {
				ALWAYS_SEARCH_USER_PATHS = NO;
				ASSETCATALOG_COMPILER_GENERATE_SWIFT_ASSET_SYMBOL_EXTENSIONS = YES;
				CLANG_ANALYZER_NONNULL = YES;
				CLANG_ANALYZER_NUMBER_OBJECT_CONVERSION = YES_AGGRESSIVE;
				CLANG_CXX_LANGUAGE_STANDARD = "gnu++20";
				CLANG_ENABLE_MODULES = YES;
				CLANG_ENABLE_OBJC_ARC = YES;
				CLANG_ENABLE_OBJC_WEAK = YES;
				CLANG_WARN_BLOCK_CAPTURE_AUTORELEASING = YES;
				CLANG_WARN_BOOL_CONVERSION = YES;
				CLANG_WARN_COMMA = YES;
				CLANG_WARN_CONSTANT_CONVERSION = YES;
				CLANG_WARN_DEPRECATED_OBJC_IMPLEMENTATIONS = YES;
				CLANG_WARN_DIRECT_OBJC_ISA_USAGE = YES_ERROR;
				CLANG_WARN_DOCUMENTATION_COMMENTS = YES;
				CLANG_WARN_EMPTY_BODY = YES;
				CLANG_WARN_ENUM_CONVERSION = YES;
				CLANG_WARN_INFINITE_RECURSION = YES;
				CLANG_WARN_INT_CONVERSION = YES;
				CLANG_WARN_NON_LITERAL_NULL_CONVERSION = YES;
				CLANG_WARN_OBJC_IMPLICIT_RETAIN_SELF = YES;
				CLANG_WARN_OBJC_LITERAL_CONVERSION = YES;
				CLANG_WARN_OBJC_ROOT_CLASS = YES_ERROR;
				CLANG_WARN_QUOTED_INCLUDE_IN_FRAMEWORK_HEADER = YES;
				CLANG_WARN_RANGE_LOOP_ANALYSIS = YES;
				CLANG_WARN_STRICT_PROTOTYPES = YES;
				CLANG_WARN_SUSPICIOUS_MOVE = YES;
				CLANG_WARN_UNGUARDED_AVAILABILITY = YES_AGGRESSIVE;
				CLANG_WARN_UNREACHABLE_CODE = YES;
				CLANG_WARN__DUPLICATE_METHOD_MATCH = YES;
				COPY_PHASE_STRIP = NO;
				DEBUG_INFORMATION_FORMAT = dwarf;
				ENABLE_STRICT_OBJC_MSGSEND = YES;
				ENABLE_TESTABILITY = YES;
				ENABLE_USER_SCRIPT_SANDBOXING = YES;
				GCC_C_LANGUAGE_STANDARD = gnu17;
				GCC_DYNAMIC_NO_PIC = NO;
				GCC_NO_COMMON_BLOCKS = YES;
				GCC_OPTIMIZATION_LEVEL = 0;
				GCC_PREPROCESSOR_DEFINITIONS = (
					"DEBUG=1",
					"$(inherited)",
				);
				GCC_WARN_64_TO_32_BIT_CONVERSION = YES;
				GCC_WARN_ABOUT_RETURN_TYPE = YES_ERROR;
				GCC_WARN_UNDECLARED_SELECTOR = YES;
				GCC_WARN_UNINITIALIZED_AUTOS = YES_AGGRESSIVE;
				GCC_WARN_UNUSED_FUNCTION = YES;
				GCC_WARN_UNUSED_VARIABLE = YES;
				IPHONEOS_DEPLOYMENT_TARGET = 17.2;
				LOCALIZATION_PREFERS_STRING_CATALOGS = YES;
				MTL_ENABLE_DEBUG_INFO = INCLUDE_SOURCE;
				MTL_FAST_MATH = YES;
				ONLY_ACTIVE_ARCH = YES;
				SDKROOT = iphoneos;
				SWIFT_ACTIVE_COMPILATION_CONDITIONS = "DEBUG $(inherited)";
				SWIFT_OPTIMIZATION_LEVEL = "-Onone";
			};
			name = Debug;
		};
		C28A3B9F2BBF18F1000093A9 /* Release */ = {
			isa = XCBuildConfiguration;
			buildSettings = {
				ALWAYS_SEARCH_USER_PATHS = NO;
				ASSETCATALOG_COMPILER_GENERATE_SWIFT_ASSET_SYMBOL_EXTENSIONS = YES;
				CLANG_ANALYZER_NONNULL = YES;
				CLANG_ANALYZER_NUMBER_OBJECT_CONVERSION = YES_AGGRESSIVE;
				CLANG_CXX_LANGUAGE_STANDARD = "gnu++20";
				CLANG_ENABLE_MODULES = YES;
				CLANG_ENABLE_OBJC_ARC = YES;
				CLANG_ENABLE_OBJC_WEAK = YES;
				CLANG_WARN_BLOCK_CAPTURE_AUTORELEASING = YES;
				CLANG_WARN_BOOL_CONVERSION = YES;
				CLANG_WARN_COMMA = YES;
				CLANG_WARN_CONSTANT_CONVERSION = YES;
				CLANG_WARN_DEPRECATED_OBJC_IMPLEMENTATIONS = YES;
				CLANG_WARN_DIRECT_OBJC_ISA_USAGE = YES_ERROR;
				CLANG_WARN_DOCUMENTATION_COMMENTS = YES;
				CLANG_WARN_EMPTY_BODY = YES;
				CLANG_WARN_ENUM_CONVERSION = YES;
				CLANG_WARN_INFINITE_RECURSION = YES;
				CLANG_WARN_INT_CONVERSION = YES;
				CLANG_WARN_NON_LITERAL_NULL_CONVERSION = YES;
				CLANG_WARN_OBJC_IMPLICIT_RETAIN_SELF = YES;
				CLANG_WARN_OBJC_LITERAL_CONVERSION = YES;
				CLANG_WARN_OBJC_ROOT_CLASS = YES_ERROR;
				CLANG_WARN_QUOTED_INCLUDE_IN_FRAMEWORK_HEADER = YES;
				CLANG_WARN_RANGE_LOOP_ANALYSIS = YES;
				CLANG_WARN_STRICT_PROTOTYPES = YES;
				CLANG_WARN_SUSPICIOUS_MOVE = YES;
				CLANG_WARN_UNGUARDED_AVAILABILITY = YES_AGGRESSIVE;
				CLANG_WARN_UNREACHABLE_CODE = YES;
				CLANG_WARN__DUPLICATE_METHOD_MATCH = YES;
				COPY_PHASE_STRIP = NO;
				DEBUG_INFORMATION_FORMAT = "dwarf-with-dsym";
				ENABLE_NS_ASSERTIONS = NO;
				ENABLE_STRICT_OBJC_MSGSEND = YES;
				ENABLE_USER_SCRIPT_SANDBOXING = YES;
				GCC_C_LANGUAGE_STANDARD = gnu17;
				GCC_NO_COMMON_BLOCKS = YES;
				GCC_WARN_64_TO_32_BIT_CONVERSION = YES;
				GCC_WARN_ABOUT_RETURN_TYPE = YES_ERROR;
				GCC_WARN_UNDECLARED_SELECTOR = YES;
				GCC_WARN_UNINITIALIZED_AUTOS = YES_AGGRESSIVE;
				GCC_WARN_UNUSED_FUNCTION = YES;
				GCC_WARN_UNUSED_VARIABLE = YES;
				IPHONEOS_DEPLOYMENT_TARGET = 17.2;
				LOCALIZATION_PREFERS_STRING_CATALOGS = YES;
				MTL_ENABLE_DEBUG_INFO = NO;
				MTL_FAST_MATH = YES;
				SDKROOT = iphoneos;
				SWIFT_COMPILATION_MODE = wholemodule;
				VALIDATE_PRODUCT = YES;
			};
			name = Release;
		};
		C28A3BA12BBF18F1000093A9 /* Debug */ = {
			isa = XCBuildConfiguration;
			buildSettings = {
				ASSETCATALOG_COMPILER_APPICON_NAME = AppIcon;
				ASSETCATALOG_COMPILER_GLOBAL_ACCENT_COLOR_NAME = AccentColor;
				CODE_SIGN_STYLE = Automatic;
				CURRENT_PROJECT_VERSION = 1;
				DEVELOPMENT_ASSET_PATHS = "\"EcoImpact/Preview Content\"";
				DEVELOPMENT_TEAM = B7XYR339K5;
				ENABLE_PREVIEWS = YES;
				GENERATE_INFOPLIST_FILE = YES;
				INFOPLIST_KEY_UIApplicationSceneManifest_Generation = YES;
				INFOPLIST_KEY_UIApplicationSupportsIndirectInputEvents = YES;
				INFOPLIST_KEY_UILaunchScreen_Generation = YES;
				INFOPLIST_KEY_UISupportedInterfaceOrientations_iPad = "UIInterfaceOrientationPortrait UIInterfaceOrientationPortraitUpsideDown UIInterfaceOrientationLandscapeLeft UIInterfaceOrientationLandscapeRight";
				INFOPLIST_KEY_UISupportedInterfaceOrientations_iPhone = "UIInterfaceOrientationPortrait UIInterfaceOrientationLandscapeLeft UIInterfaceOrientationLandscapeRight";
				LD_RUNPATH_SEARCH_PATHS = (
					"$(inherited)",
					"@executable_path/Frameworks",
				);
				MARKETING_VERSION = 1.0;
				PRODUCT_BUNDLE_IDENTIFIER = com.LetsCodeBunnies.EcoImpact;
				PRODUCT_NAME = "$(TARGET_NAME)";
				SWIFT_EMIT_LOC_STRINGS = YES;
				SWIFT_VERSION = 5.0;
				TARGETED_DEVICE_FAMILY = "1,2";
			};
			name = Debug;
		};
		C28A3BA22BBF18F1000093A9 /* Release */ = {
			isa = XCBuildConfiguration;
			buildSettings = {
				ASSETCATALOG_COMPILER_APPICON_NAME = AppIcon;
				ASSETCATALOG_COMPILER_GLOBAL_ACCENT_COLOR_NAME = AccentColor;
				CODE_SIGN_STYLE = Automatic;
				CURRENT_PROJECT_VERSION = 1;
				DEVELOPMENT_ASSET_PATHS = "\"EcoImpact/Preview Content\"";
				DEVELOPMENT_TEAM = B7XYR339K5;
				ENABLE_PREVIEWS = YES;
				GENERATE_INFOPLIST_FILE = YES;
				INFOPLIST_KEY_UIApplicationSceneManifest_Generation = YES;
				INFOPLIST_KEY_UIApplicationSupportsIndirectInputEvents = YES;
				INFOPLIST_KEY_UILaunchScreen_Generation = YES;
				INFOPLIST_KEY_UISupportedInterfaceOrientations_iPad = "UIInterfaceOrientationPortrait UIInterfaceOrientationPortraitUpsideDown UIInterfaceOrientationLandscapeLeft UIInterfaceOrientationLandscapeRight";
				INFOPLIST_KEY_UISupportedInterfaceOrientations_iPhone = "UIInterfaceOrientationPortrait UIInterfaceOrientationLandscapeLeft UIInterfaceOrientationLandscapeRight";
				LD_RUNPATH_SEARCH_PATHS = (
					"$(inherited)",
					"@executable_path/Frameworks",
				);
				MARKETING_VERSION = 1.0;
				PRODUCT_BUNDLE_IDENTIFIER = com.LetsCodeBunnies.EcoImpact;
				PRODUCT_NAME = "$(TARGET_NAME)";
				SWIFT_EMIT_LOC_STRINGS = YES;
				SWIFT_VERSION = 5.0;
				TARGETED_DEVICE_FAMILY = "1,2";
			};
			name = Release;
		};
/* End XCBuildConfiguration section */

/* Begin XCConfigurationList section */
		C28A3B8D2BBF18EE000093A9 /* Build configuration list for PBXProject "EcoImpact" */ = {
			isa = XCConfigurationList;
			buildConfigurations = (
				C28A3B9E2BBF18F1000093A9 /* Debug */,
				C28A3B9F2BBF18F1000093A9 /* Release */,
			);
			defaultConfigurationIsVisible = 0;
			defaultConfigurationName = Release;
		};
		C28A3BA02BBF18F1000093A9 /* Build configuration list for PBXNativeTarget "EcoImpact" */ = {
			isa = XCConfigurationList;
			buildConfigurations = (
				C28A3BA12BBF18F1000093A9 /* Debug */,
				C28A3BA22BBF18F1000093A9 /* Release */,
			);
			defaultConfigurationIsVisible = 0;
			defaultConfigurationName = Release;
		};
/* End XCConfigurationList section */

/* Begin XCRemoteSwiftPackageReference section */
		C210255B2BC0C15700BB0614 /* XCRemoteSwiftPackageReference "firebase-ios-sdk" */ = {
			isa = XCRemoteSwiftPackageReference;
			repositoryURL = "https://github.com/firebase/firebase-ios-sdk";
			requirement = {
				kind = upToNextMajorVersion;
				minimumVersion = 10.23.1;
			};
		};
		C21025802BC0E92100BB0614 /* XCRemoteSwiftPackageReference "neumorphic" */ = {
			isa = XCRemoteSwiftPackageReference;
			repositoryURL = "https://github.com/costachung/neumorphic";
			requirement = {
				kind = upToNextMinorVersion;
				minimumVersion = 1.0.0;
			};
		};
/* End XCRemoteSwiftPackageReference section */

/* Begin XCSwiftPackageProductDependency section */
		C210255C2BC0C15700BB0614 /* FirebaseAnalytics */ = {
			isa = XCSwiftPackageProductDependency;
			package = C210255B2BC0C15700BB0614 /* XCRemoteSwiftPackageReference "firebase-ios-sdk" */;
			productName = FirebaseAnalytics;
		};
		C210255E2BC0C15700BB0614 /* FirebaseAnalyticsOnDeviceConversion */ = {
			isa = XCSwiftPackageProductDependency;
			package = C210255B2BC0C15700BB0614 /* XCRemoteSwiftPackageReference "firebase-ios-sdk" */;
			productName = FirebaseAnalyticsOnDeviceConversion;
		};
		C21025602BC0C15700BB0614 /* FirebaseAnalyticsSwift */ = {
			isa = XCSwiftPackageProductDependency;
			package = C210255B2BC0C15700BB0614 /* XCRemoteSwiftPackageReference "firebase-ios-sdk" */;
			productName = FirebaseAnalyticsSwift;
		};
		C21025622BC0C15700BB0614 /* FirebaseAnalyticsWithoutAdIdSupport */ = {
			isa = XCSwiftPackageProductDependency;
			package = C210255B2BC0C15700BB0614 /* XCRemoteSwiftPackageReference "firebase-ios-sdk" */;
			productName = FirebaseAnalyticsWithoutAdIdSupport;
		};
		C21025642BC0C15700BB0614 /* FirebaseAppCheck */ = {
			isa = XCSwiftPackageProductDependency;
			package = C210255B2BC0C15700BB0614 /* XCRemoteSwiftPackageReference "firebase-ios-sdk" */;
			productName = FirebaseAppCheck;
		};
		C21025662BC0C15700BB0614 /* FirebaseAppDistribution-Beta */ = {
			isa = XCSwiftPackageProductDependency;
			package = C210255B2BC0C15700BB0614 /* XCRemoteSwiftPackageReference "firebase-ios-sdk" */;
			productName = "FirebaseAppDistribution-Beta";
		};
		C21025682BC0C15700BB0614 /* FirebaseAuth */ = {
			isa = XCSwiftPackageProductDependency;
			package = C210255B2BC0C15700BB0614 /* XCRemoteSwiftPackageReference "firebase-ios-sdk" */;
			productName = FirebaseAuth;
		};
		C210256A2BC0C15700BB0614 /* FirebaseAuthCombine-Community */ = {
			isa = XCSwiftPackageProductDependency;
			package = C210255B2BC0C15700BB0614 /* XCRemoteSwiftPackageReference "firebase-ios-sdk" */;
			productName = "FirebaseAuthCombine-Community";
		};
		C210256C2BC0C15700BB0614 /* FirebaseCrashlytics */ = {
			isa = XCSwiftPackageProductDependency;
			package = C210255B2BC0C15700BB0614 /* XCRemoteSwiftPackageReference "firebase-ios-sdk" */;
			productName = FirebaseCrashlytics;
		};
		C210256E2BC0C15700BB0614 /* FirebaseDatabase */ = {
			isa = XCSwiftPackageProductDependency;
			package = C210255B2BC0C15700BB0614 /* XCRemoteSwiftPackageReference "firebase-ios-sdk" */;
			productName = FirebaseDatabase;
		};
		C21025702BC0C15700BB0614 /* FirebaseDatabaseSwift */ = {
			isa = XCSwiftPackageProductDependency;
			package = C210255B2BC0C15700BB0614 /* XCRemoteSwiftPackageReference "firebase-ios-sdk" */;
			productName = FirebaseDatabaseSwift;
		};
		C21025722BC0C15700BB0614 /* FirebaseDynamicLinks */ = {
			isa = XCSwiftPackageProductDependency;
			package = C210255B2BC0C15700BB0614 /* XCRemoteSwiftPackageReference "firebase-ios-sdk" */;
			productName = FirebaseDynamicLinks;
		};
		C21025742BC0C15700BB0614 /* FirebaseFirestore */ = {
			isa = XCSwiftPackageProductDependency;
			package = C210255B2BC0C15700BB0614 /* XCRemoteSwiftPackageReference "firebase-ios-sdk" */;
			productName = FirebaseFirestore;
		};
		C21025762BC0C15700BB0614 /* FirebaseFirestoreCombine-Community */ = {
			isa = XCSwiftPackageProductDependency;
			package = C210255B2BC0C15700BB0614 /* XCRemoteSwiftPackageReference "firebase-ios-sdk" */;
			productName = "FirebaseFirestoreCombine-Community";
		};
		C21025782BC0C15700BB0614 /* FirebaseFirestoreSwift */ = {
			isa = XCSwiftPackageProductDependency;
			package = C210255B2BC0C15700BB0614 /* XCRemoteSwiftPackageReference "firebase-ios-sdk" */;
			productName = FirebaseFirestoreSwift;
		};
		C210257A2BC0C15700BB0614 /* FirebaseFunctions */ = {
			isa = XCSwiftPackageProductDependency;
			package = C210255B2BC0C15700BB0614 /* XCRemoteSwiftPackageReference "firebase-ios-sdk" */;
			productName = FirebaseFunctions;
		};
		C21025812BC0E92100BB0614 /* Neumorphic */ = {
			isa = XCSwiftPackageProductDependency;
			package = C21025802BC0E92100BB0614 /* XCRemoteSwiftPackageReference "neumorphic" */;
			productName = Neumorphic;
		};
/* End XCSwiftPackageProductDependency section */
	};
	rootObject = C28A3B8A2BBF18EE000093A9 /* Project object */;
}
